Microsoft Visual Studio Solution File, Format Version 11.00
# Visual Studio 2008

Project("{A8B72798-BEB9-11AE-98C8-C8907D45950A}") = "slots", "Assembly-CSharp-vs.csproj", "{ABD024B7-A99C-FF2B-0709-E1061B115D6B}"
EndProject
Project("{A8B72798-BEB9-11AE-98C8-C8907D45950A}") = "slots", "Assembly-CSharp-Editor-vs.csproj", "{04B34171-23A0-576F-1C75-8967D78CD1B9}"
EndProject
Global
	GlobalSection(SolutionConfigurationPlatforms) = preSolution
		Debug|Any CPU = Debug|Any CPU
		Release|Any CPU = Release|Any CPU
	EndGlobalSection
	GlobalSection(ProjectConfigurationPlatforms) = postSolution
		{ABD024B7-A99C-FF2B-0709-E1061B115D6B}.Debug|Any CPU.ActiveCfg = Debug|Any CPU
		{ABD024B7-A99C-FF2B-0709-E1061B115D6B}.Debug|Any CPU.Build.0 = Debug|Any CPU
		{ABD024B7-A99C-FF2B-0709-E1061B115D6B}.Release|Any CPU.ActiveCfg = Release|Any CPU
		{ABD024B7-A99C-FF2B-0709-E1061B115D6B}.Release|Any CPU.Build.0 = Release|Any CPU
		{04B34171-23A0-576F-1C75-8967D78CD1B9}.Debug|Any CPU.ActiveCfg = Debug|Any CPU
		{04B34171-23A0-576F-1C75-8967D78CD1B9}.Debug|Any CPU.Build.0 = Debug|Any CPU
		{04B34171-23A0-576F-1C75-8967D78CD1B9}.Release|Any CPU.ActiveCfg = Release|Any CPU
		{04B34171-23A0-576F-1C75-8967D78CD1B9}.Release|Any CPU.Build.0 = Release|Any CPU
	EndGlobalSection
	GlobalSection(SolutionProperties) = preSolution
		HideSolutionNode = FALSE
	EndGlobalSection
																																																																																																																																																																																																																																			GlobalSection(MonoDevelopProperties) = preSolution
		StartupItem = Assembly-CSharp.csproj
		Policies = $0
		$0.TextStylePolicy = $1
		$1.inheritsSet = null
		$1.scope = text/x-csharp
		$0.CSharpFormattingPolicy = $2
		$2.inheritsSet = Mono
		$2.inheritsScope = text/x-csharp
		$2.scope = text/x-csharp
		$0.TextStylePolicy = $3
		$3.FileWidth = 120
		$3.TabWidth = 4
		$3.EolMarker = Unix
		$3.inheritsSet = Mono
		$3.inheritsScope = text/plain
		$3.scope = text/plain
	EndGlobalSection

EndGlobal
